
Microsoft Visual Studio Solution File, Format Version 12.00
# Visual Studio Version 16
VisualStudioVersion = 16.0.28922.388
MinimumVisualStudioVersion = 10.0.40219.1
Project("{FAE04EC0-301F-11D3-BF4B-00C04F79EFBC}") = "Csharp_CodeChallege3_Transformer", "Csharp_CodeChallege3_Transformer\Csharp_CodeChallege3_Transformer.csproj", "{BFBAB6F0-AE62-454D-9081-8A98651CC63D}"
EndProject
Global
	GlobalSection(SolutionConfigurationPlatforms) = preSolution
		Debug|Any CPU = Debug|Any CPU
		Release|Any CPU = Release|Any CPU
	EndGlobalSection
	GlobalSection(ProjectConfigurationPlatforms) = postSolution
		{BFBAB6F0-AE62-454D-9081-8A98651CC63D}.Debug|Any CPU.ActiveCfg = Debug|Any CPU
		{BFBAB6F0-AE62-454D-9081-8A98651CC63D}.Debug|Any CPU.Build.0 = Debug|Any CPU
		{BFBAB6F0-AE62-454D-9081-8A98651CC63D}.Release|Any CPU.ActiveCfg = Release|Any CPU
		{BFBAB6F0-AE62-454D-9081-8A98651CC63D}.Release|Any CPU.Build.0 = Release|Any CPU
	EndGlobalSection
	GlobalSection(SolutionProperties) = preSolution
		HideSolutionNode = FALSE
	EndGlobalSection
	GlobalSection(ExtensibilityGlobals) = postSolution
		SolutionGuid = {A2653E19-BD18-4A6D-B1CF-1ECCCDE2EC66}
	EndGlobalSection
EndGlobal
